
Microsoft Visual Studio Solution File, Format Version 12.00
# Visual Studio Version 16
VisualStudioVersion = 16.0.29609.76
MinimumVisualStudioVersion = 10.0.40219.1
Project("{FAE04EC0-301F-11D3-BF4B-00C04F79EFBC}") = "Xadrez", "Xadrez\Xadrez.csproj", "{5BCA1BBB-3664-4E2D-8E1D-D44E44CB2AEB}"
EndProject
Global
	GlobalSection(SolutionConfigurationPlatforms) = preSolution
		Debug|Any CPU = Debug|Any CPU
		Release|Any CPU = Release|Any CPU
	EndGlobalSection
	GlobalSection(ProjectConfigurationPlatforms) = postSolution
		{5BCA1BBB-3664-4E2D-8E1D-D44E44CB2AEB}.Debug|Any CPU.ActiveCfg = Debug|Any CPU
		{5BCA1BBB-3664-4E2D-8E1D-D44E44CB2AEB}.Debug|Any CPU.Build.0 = Debug|Any CPU
		{5BCA1BBB-3664-4E2D-8E1D-D44E44CB2AEB}.Release|Any CPU.ActiveCfg = Release|Any CPU
		{5BCA1BBB-3664-4E2D-8E1D-D44E44CB2AEB}.Release|Any CPU.Build.0 = Release|Any CPU
	EndGlobalSection
	GlobalSection(SolutionProperties) = preSolution
		HideSolutionNode = FALSE
	EndGlobalSection
	GlobalSection(ExtensibilityGlobals) = postSolution
		SolutionGuid = {F292C2B5-3733-4584-BEC1-A9D2F46A226B}
	EndGlobalSection
EndGlobal
